{
  "version": 4,
  "terraform_version": "1.6.6",
  "serial": 14,
  "lineage": "8a916e57-7a86-9183-eeb9-837aa0f791b0",
  "outputs": {},
  "resources": [
    {
      "mode": "managed",
      "type": "aws_instance",
      "name": "terra-inst",
      "provider": "provider[\"registry.terraform.io/hashicorp/aws\"]",
      "instances": [
        {
          "schema_version": 1,
          "attributes": {
            "ami": "ami-0c7217cdde317cfec",
            "arn": "arn:aws:ec2:us-east-1:732373470123:instance/i-0656b6f72e5f8ccf5",
            "associate_public_ip_address": true,
            "availability_zone": "us-east-1a",
            "capacity_reservation_specification": [
              {
                "capacity_reservation_preference": "open",
                "capacity_reservation_target": []
              }
            ],
            "cpu_core_count": 1,
            "cpu_options": [
              {
                "amd_sev_snp": "",
                "core_count": 1,
                "threads_per_core": 1
              }
            ],
            "cpu_threads_per_core": 1,
            "credit_specification": [
              {
                "cpu_credits": "standard"
              }
            ],
            "disable_api_stop": false,
            "disable_api_termination": false,
            "ebs_block_device": [],
            "ebs_optimized": false,
            "enclave_options": [
              {
                "enabled": false
              }
            ],
            "ephemeral_block_device": [],
            "get_password_data": false,
            "hibernation": false,
            "host_id": "",
            "host_resource_group_arn": null,
            "iam_instance_profile": "",
            "id": "i-0656b6f72e5f8ccf5",
            "instance_initiated_shutdown_behavior": "stop",
            "instance_lifecycle": "",
            "instance_market_options": [],
            "instance_state": "running",
            "instance_type": "t2.micro",
            "ipv6_address_count": 0,
            "ipv6_addresses": [],
            "key_name": "terrakey",
            "launch_template": [],
            "maintenance_options": [
              {
                "auto_recovery": "default"
              }
            ],
            "metadata_options": [
              {
                "http_endpoint": "enabled",
                "http_protocol_ipv6": "disabled",
                "http_put_response_hop_limit": 1,
                "http_tokens": "optional",
                "instance_metadata_tags": "disabled"
              }
            ],
            "monitoring": false,
            "network_interface": [],
            "outpost_arn": "",
            "password_data": "",
            "placement_group": "",
            "placement_partition_number": 0,
            "primary_network_interface_id": "eni-0d8f3e9494c146549",
            "private_dns": "ip-172-31-3-125.ec2.internal",
            "private_dns_name_options": [
              {
                "enable_resource_name_dns_a_record": false,
                "enable_resource_name_dns_aaaa_record": false,
                "hostname_type": "ip-name"
              }
            ],
            "private_ip": "172.31.3.125",
            "public_dns": "ec2-3-228-5-31.compute-1.amazonaws.com",
            "public_ip": "3.228.5.31",
            "root_block_device": [
              {
                "delete_on_termination": true,
                "device_name": "/dev/sda1",
                "encrypted": false,
                "iops": 100,
                "kms_key_id": "",
                "tags": {},
                "throughput": 0,
                "volume_id": "vol-0e452df15f3bf08c0",
                "volume_size": 8,
                "volume_type": "gp2"
              }
            ],
            "secondary_private_ips": [],
            "security_groups": [
              "terr-sg"
            ],
            "source_dest_check": true,
            "spot_instance_request_id": "",
            "subnet_id": "subnet-0be58c18c4dd1da59",
            "tags": {
              "Name": "terra-Instance",
              "Project": "terra3"
            },
            "tags_all": {
              "Name": "terra-Instance",
              "Project": "terra3"
            },
            "tenancy": "default",
            "timeouts": null,
            "user_data": null,
            "user_data_base64": null,
            "user_data_replace_on_change": false,
            "volume_tags": null,
            "vpc_security_group_ids": [
              "sg-0e4558dace17eb452"
            ]
          },
          "sensitive_attributes": [],
          "private": "eyJlMmJmYjczMC1lY2FhLTExZTYtOGY4OC0zNDM2M2JjN2M0YzAiOnsiY3JlYXRlIjo2MDAwMDAwMDAwMDAsImRlbGV0ZSI6MTIwMDAwMDAwMDAwMCwidXBkYXRlIjo2MDAwMDAwMDAwMDB9LCJzY2hlbWFfdmVyc2lvbiI6IjEifQ==",
          "dependencies": [
            "aws_key_pair.terraform-key"
          ]
        }
      ]
    },
    {
      "mode": "managed",
      "type": "aws_key_pair",
      "name": "terraform-key",
      "provider": "provider[\"registry.terraform.io/hashicorp/aws\"]",
      "instances": [
        {
          "schema_version": 1,
          "attributes": {
            "arn": "arn:aws:ec2:us-east-1:732373470123:key-pair/terrakey",
            "fingerprint": "a4:f7:c7:3d:73:f4:a5:c5:67:10:24:5d:db:86:a4:06",
            "id": "terrakey",
            "key_name": "terrakey",
            "key_name_prefix": "",
            "key_pair_id": "key-0933cd7e8ff7bdff4",
            "key_type": "rsa",
            "public_key": "ssh-rsa AAAAB3NzaC1yc2EAAAADAQABAAABgQDATiehd1xbAMZ/KsWTHIrRBNXySmb0bkrhBF8ADc/dv+oNVoK+zPHSfOMwCmGCANcLRdiVv7iHb5cWz5kDo2XzF6fS25AhjPP5S7+6OZ8v9BrHi+b1zSyDq6HaTus8iZYxMvV/HGV9Ni2ilgDG+MIvK61lc6bBiEF+CsPByb12I7z2WEypwsV8DLhv2ozXLFIe9HSBfgi1DTcOzsXP4L34SLW25pHOkfI8VYZ0LVxIeUp8rJc7/U43a1nC8sbff2Ib6Wmy4Ljp2I4XKLeVau8F8BmlIist7BrFsyTzF5q1dWCz98eIPOEUhSyWBktdvVxL8UgorXWt4tdPotcQ/WT/i07NvwOai/UooO95eRFweGDSqimfihCl4X5Mn/SntlVVx80ahMeydO+/8RZ+VCMHVJPVY5CHe6D+V1qv+NiJ/Y439A9gBea8QrUR7/apY/un1K4ie4tNUofXZX0ruEyslHAojBPrQ/z7buFbm1V3n3zdPYgQd6RoS0B+IyJSn9E= Mega Store@DESKTOP-72RDCS7",
            "tags": null,
            "tags_all": {}
          },
          "sensitive_attributes": [],
          "private": "eyJzY2hlbWFfdmVyc2lvbiI6IjEifQ=="
        }
      ]
    }
  ],
  "check_results": null
}
